// !$*UTF8*$!
{
	archiveVersion = 1;
	classes = {
	};
	objectVersion = 45;
	objects = {

/* Begin PBXBuildFile section */
		1D3623260D0F684500981E51 /* TalkToHerAppDelegate.m in Sources */ = {isa = PBXBuildFile; fileRef = 1D3623250D0F684500981E51 /* TalkToHerAppDelegate.m */; };
		1D60589B0D05DD56006BFB54 /* main.m in Sources */ = {isa = PBXBuildFile; fileRef = 29B97316FDCFA39411CA2CEA /* main.m */; };
		1D60589F0D05DD5A006BFB54 /* Foundation.framework in Frameworks */ = {isa = PBXBuildFile; fileRef = 1D30AB110D05D00D00671497 /* Foundation.framework */; };
		1DF5F4E00D08C38300B7A737 /* UIKit.framework in Frameworks */ = {isa = PBXBuildFile; fileRef = 1DF5F4DF0D08C38300B7A737 /* UIKit.framework */; };
		2892E4100DC94CBA00A64D0F /* CoreGraphics.framework in Frameworks */ = {isa = PBXBuildFile; fileRef = 2892E40F0DC94CBA00A64D0F /* CoreGraphics.framework */; };
		28C286E10D94DF7D0034E888 /* RootViewController.m in Sources */ = {isa = PBXBuildFile; fileRef = 28C286E00D94DF7D0034E888 /* RootViewController.m */; };
		E40017F811FE4251001359B0 /* ContentDelegate.m in Sources */ = {isa = PBXBuildFile; fileRef = E40017F711FE4251001359B0 /* ContentDelegate.m */; };
		E4001B4311FF8B8B001359B0 /* UserEntity.m in Sources */ = {isa = PBXBuildFile; fileRef = E4001B4211FF8B8B001359B0 /* UserEntity.m */; };
		E4001D1F12006E6B001359B0 /* icon.png in Resources */ = {isa = PBXBuildFile; fileRef = E4001D1D12006E6B001359B0 /* icon.png */; };
		E4001D2012006E6B001359B0 /* icon@2x.png in Resources */ = {isa = PBXBuildFile; fileRef = E4001D1E12006E6B001359B0 /* icon@2x.png */; };
		E4001D2412006F25001359B0 /* default.png in Resources */ = {isa = PBXBuildFile; fileRef = E4001D2312006F25001359B0 /* default.png */; };
		E4001D431200BB28001359B0 /* MessageUI.framework in Frameworks */ = {isa = PBXBuildFile; fileRef = E4001D421200BB28001359B0 /* MessageUI.framework */; };
		E409694311F1154E0055459F /* ProgressController.m in Sources */ = {isa = PBXBuildFile; fileRef = E409694111F1154E0055459F /* ProgressController.m */; };
		E409694411F1154E0055459F /* ProgressController.xib in Resources */ = {isa = PBXBuildFile; fileRef = E409694211F1154E0055459F /* ProgressController.xib */; };
		E40D0DF111D9361B004CC712 /* InspirationCell.m in Sources */ = {isa = PBXBuildFile; fileRef = E40D0DF011D9361B004CC712 /* InspirationCell.m */; };
		E419E36211F016E000F400DD /* exercises.png in Resources */ = {isa = PBXBuildFile; fileRef = E419E35D11F016E000F400DD /* exercises.png */; };
		E419E36411F016E000F400DD /* lines.png in Resources */ = {isa = PBXBuildFile; fileRef = E419E35F11F016E000F400DD /* lines.png */; };
		E419E36811F0182500F400DD /* goals.png in Resources */ = {isa = PBXBuildFile; fileRef = E419E36711F0182500F400DD /* goals.png */; };
		E419E36E11F0199500F400DD /* login.png in Resources */ = {isa = PBXBuildFile; fileRef = E419E36D11F0199500F400DD /* login.png */; };
		E419E37211F01A1F00F400DD /* tips.png in Resources */ = {isa = PBXBuildFile; fileRef = E419E37111F01A1F00F400DD /* tips.png */; };
		E419E37D11F0224800F400DD /* more.png in Resources */ = {isa = PBXBuildFile; fileRef = E419E37C11F0224800F400DD /* more.png */; };
		E419E38111F0236E00F400DD /* write.png in Resources */ = {isa = PBXBuildFile; fileRef = E419E38011F0236E00F400DD /* write.png */; };
		E435D8F311F7085F00A5061D /* AddressBook.framework in Frameworks */ = {isa = PBXBuildFile; fileRef = E435D8F211F7085F00A5061D /* AddressBook.framework */; };
		E439369811D50DD300D6DED9 /* InspirationController.m in Sources */ = {isa = PBXBuildFile; fileRef = E439369611D50DD300D6DED9 /* InspirationController.m */; };
		E44065C111EBB9F700A48898 /* LoaderCell.m in Sources */ = {isa = PBXBuildFile; fileRef = E44065C011EBB9F700A48898 /* LoaderCell.m */; };
		E440665011EC002000A48898 /* ASIAuthenticationDialog.m in Sources */ = {isa = PBXBuildFile; fileRef = E440664111EC001F00A48898 /* ASIAuthenticationDialog.m */; };
		E440665111EC002000A48898 /* ASIDownloadCache.m in Sources */ = {isa = PBXBuildFile; fileRef = E440664411EC002000A48898 /* ASIDownloadCache.m */; };
		E440665211EC002000A48898 /* ASIFormDataRequest.m in Sources */ = {isa = PBXBuildFile; fileRef = E440664611EC002000A48898 /* ASIFormDataRequest.m */; };
		E440665311EC002000A48898 /* ASIHTTPRequest.m in Sources */ = {isa = PBXBuildFile; fileRef = E440664811EC002000A48898 /* ASIHTTPRequest.m */; };
		E440665411EC002000A48898 /* ASIInputStream.m in Sources */ = {isa = PBXBuildFile; fileRef = E440664C11EC002000A48898 /* ASIInputStream.m */; };
		E440665511EC002000A48898 /* ASINetworkQueue.m in Sources */ = {isa = PBXBuildFile; fileRef = E440664E11EC002000A48898 /* ASINetworkQueue.m */; };
		E440665E11EC006300A48898 /* Reachability.m in Sources */ = {isa = PBXBuildFile; fileRef = E440665D11EC006300A48898 /* Reachability.m */; };
		E440666611EC00AA00A48898 /* CFNetwork.framework in Frameworks */ = {isa = PBXBuildFile; fileRef = E440666511EC00AA00A48898 /* CFNetwork.framework */; };
		E440666811EC00B400A48898 /* MobileCoreServices.framework in Frameworks */ = {isa = PBXBuildFile; fileRef = E440666711EC00B400A48898 /* MobileCoreServices.framework */; };
		E440666A11EC00C800A48898 /* libz.1.2.3.dylib in Frameworks */ = {isa = PBXBuildFile; fileRef = E440666911EC00C800A48898 /* libz.1.2.3.dylib */; };
		E44066D011ECF7BF00A48898 /* Content.xcdatamodel in Sources */ = {isa = PBXBuildFile; fileRef = E44066CF11ECF7BF00A48898 /* Content.xcdatamodel */; };
		E44066DA11ED057000A48898 /* CoreData.framework in Frameworks */ = {isa = PBXBuildFile; fileRef = E44066D911ED057000A48898 /* CoreData.framework */; };
		E4A154A011DBFF5700A044D7 /* InspectionController.m in Sources */ = {isa = PBXBuildFile; fileRef = E4A1549E11DBFF5700A044D7 /* InspectionController.m */; };
		E4A154A111DBFF5700A044D7 /* InspectionController.xib in Resources */ = {isa = PBXBuildFile; fileRef = E4A1549F11DBFF5700A044D7 /* InspectionController.xib */; };
		E4A1573111DF989700A044D7 /* ContributionController.m in Sources */ = {isa = PBXBuildFile; fileRef = E4A1572F11DF989700A044D7 /* ContributionController.m */; };
		E4A1573211DF989700A044D7 /* ContributionController.xib in Resources */ = {isa = PBXBuildFile; fileRef = E4A1573011DF989700A044D7 /* ContributionController.xib */; };
		E4A1589711E4E2A600A044D7 /* IdentificationController.m in Sources */ = {isa = PBXBuildFile; fileRef = E4A1589511E4E2A600A044D7 /* IdentificationController.m */; };
		E4A1589811E4E2A600A044D7 /* IdentificationController.xib in Resources */ = {isa = PBXBuildFile; fileRef = E4A1589611E4E2A600A044D7 /* IdentificationController.xib */; };
		E4A158A511E4E49200A044D7 /* UserSession.m in Sources */ = {isa = PBXBuildFile; fileRef = E4A158A411E4E49200A044D7 /* UserSession.m */; };
		E4A158B611E4EA6D00A044D7 /* User.m in Sources */ = {isa = PBXBuildFile; fileRef = E4A158B511E4EA6D00A044D7 /* User.m */; };
		E4C0D7F51201C2A6006AB8AF /* GoalSettingController.m in Sources */ = {isa = PBXBuildFile; fileRef = E4C0D7F31201C2A6006AB8AF /* GoalSettingController.m */; };
		E4C0D7F61201C2A6006AB8AF /* GoalSettingController.xib in Resources */ = {isa = PBXBuildFile; fileRef = E4C0D7F41201C2A6006AB8AF /* GoalSettingController.xib */; };
		E4C0D80D1201C628006AB8AF /* Goal.m in Sources */ = {isa = PBXBuildFile; fileRef = E4C0D80C1201C628006AB8AF /* Goal.m */; };
		E4C0DB3512031D0A006AB8AF /* InfoController.m in Sources */ = {isa = PBXBuildFile; fileRef = E4C0DB3312031D0A006AB8AF /* InfoController.m */; };
		E4C0DB3612031D0A006AB8AF /* InfoController.xib in Resources */ = {isa = PBXBuildFile; fileRef = E4C0DB3412031D0A006AB8AF /* InfoController.xib */; };
		E4C6ACD011D514F000068008 /* InspirationController.xib in Resources */ = {isa = PBXBuildFile; fileRef = E4C6ACCD11D514F000068008 /* InspirationController.xib */; };
		E4C6ACD111D514F000068008 /* MainWindow.xib in Resources */ = {isa = PBXBuildFile; fileRef = E4C6ACCE11D514F000068008 /* MainWindow.xib */; };
		E4C6ACD211D514F000068008 /* RootViewController.xib in Resources */ = {isa = PBXBuildFile; fileRef = E4C6ACCF11D514F000068008 /* RootViewController.xib */; };
		E4C6ADE911D5290E00068008 /* SystemConfiguration.framework in Frameworks */ = {isa = PBXBuildFile; fileRef = E4C6ADE811D5290E00068008 /* SystemConfiguration.framework */; };
		E4C6AEA511D5415400068008 /* NSString+InflectionSupport.m in Sources */ = {isa = PBXBuildFile; fileRef = E4C6AE5811D5415400068008 /* NSString+InflectionSupport.m */; };
		E4C6AEA611D5415400068008 /* NSData+Additions.m in Sources */ = {isa = PBXBuildFile; fileRef = E4C6AE5A11D5415400068008 /* NSData+Additions.m */; };
		E4C6AEA711D5415400068008 /* NSObject+PropertySupport.m in Sources */ = {isa = PBXBuildFile; fileRef = E4C6AE5C11D5415400068008 /* NSObject+PropertySupport.m */; };
		E4C6AEA811D5415400068008 /* NSString+GSub.m in Sources */ = {isa = PBXBuildFile; fileRef = E4C6AE5E11D5415400068008 /* NSString+GSub.m */; };
		E4C6AEA911D5415400068008 /* ObjectiveResourceDateFormatter.m in Sources */ = {isa = PBXBuildFile; fileRef = E4C6AE6011D5415400068008 /* ObjectiveResourceDateFormatter.m */; };
		E4C6AEAA11D5415400068008 /* NSObject+SBJSON.m in Sources */ = {isa = PBXBuildFile; fileRef = E4C6AE6511D5415400068008 /* NSObject+SBJSON.m */; };
		E4C6AEAB11D5415400068008 /* NSString+SBJSON.m in Sources */ = {isa = PBXBuildFile; fileRef = E4C6AE6711D5415400068008 /* NSString+SBJSON.m */; };
		E4C6AEAC11D5415400068008 /* SBJSON.m in Sources */ = {isa = PBXBuildFile; fileRef = E4C6AE6911D5415400068008 /* SBJSON.m */; };
		E4C6AEAD11D5415400068008 /* NSArray+JSONSerializableSupport.m in Sources */ = {isa = PBXBuildFile; fileRef = E4C6AE6D11D5415400068008 /* NSArray+JSONSerializableSupport.m */; };
		E4C6AEAE11D5415400068008 /* NSDictionary+JSONSerializableSupport.m in Sources */ = {isa = PBXBuildFile; fileRef = E4C6AE7111D5415400068008 /* NSDictionary+JSONSerializableSupport.m */; };
		E4C6AEAF11D5415400068008 /* NSObject+JSONSerializableSupport.m in Sources */ = {isa = PBXBuildFile; fileRef = E4C6AE7311D5415400068008 /* NSObject+JSONSerializableSupport.m */; };
		E4C6AEB011D5415400068008 /* NSDate+Serialize.m in Sources */ = {isa = PBXBuildFile; fileRef = E4C6AE7511D5415400068008 /* NSDate+Serialize.m */; };
		E4C6AEB111D5415400068008 /* NSDictionary+KeyTranslation.m in Sources */ = {isa = PBXBuildFile; fileRef = E4C6AE7711D5415400068008 /* NSDictionary+KeyTranslation.m */; };
		E4C6AEB211D5415400068008 /* NSObject+Serialize.m in Sources */ = {isa = PBXBuildFile; fileRef = E4C6AE7911D5415400068008 /* NSObject+Serialize.m */; };
		E4C6AEB311D5415400068008 /* NSString+Serialize.m in Sources */ = {isa = PBXBuildFile; fileRef = E4C6AE7B11D5415400068008 /* NSString+Serialize.m */; };
		E4C6AEB411D5415400068008 /* NSNumber+XMLSerializableSupport.m in Sources */ = {isa = PBXBuildFile; fileRef = E4C6AE7F11D5415400068008 /* NSNumber+XMLSerializableSupport.m */; };
		E4C6AEB511D5415400068008 /* FromXMLElementDelegate.m in Sources */ = {isa = PBXBuildFile; fileRef = E4C6AE8111D5415400068008 /* FromXMLElementDelegate.m */; };
		E4C6AEB611D5415400068008 /* NSArray+XMLSerializableSupport.m in Sources */ = {isa = PBXBuildFile; fileRef = E4C6AE8311D5415400068008 /* NSArray+XMLSerializableSupport.m */; };
		E4C6AEB711D5415400068008 /* NSDate+XMLSerializableSupport.m in Sources */ = {isa = PBXBuildFile; fileRef = E4C6AE8511D5415400068008 /* NSDate+XMLSerializableSupport.m */; };
		E4C6AEB811D5415400068008 /* NSDictionary+XMLSerializableSupport.m in Sources */ = {isa = PBXBuildFile; fileRef = E4C6AE8711D5415400068008 /* NSDictionary+XMLSerializableSupport.m */; };
		E4C6AEB911D5415400068008 /* NSNull+XMLSerializableSupport.m in Sources */ = {isa = PBXBuildFile; fileRef = E4C6AE8911D5415400068008 /* NSNull+XMLSerializableSupport.m */; };
		E4C6AEBA11D5415400068008 /* NSObject+XMLSerializableSupport.m in Sources */ = {isa = PBXBuildFile; fileRef = E4C6AE8B11D5415400068008 /* NSObject+XMLSerializableSupport.m */; };
		E4C6AEBB11D5415400068008 /* NSString+XMLSerializableSupport.m in Sources */ = {isa = PBXBuildFile; fileRef = E4C6AE8D11D5415400068008 /* NSString+XMLSerializableSupport.m */; };
		E4C6AEBC11D5415400068008 /* NSObject+ObjectiveResource.m in Sources */ = {isa = PBXBuildFile; fileRef = E4C6AE9211D5415400068008 /* NSObject+ObjectiveResource.m */; };
		E4C6AEBD11D5415400068008 /* ConnectionManager.m in Sources */ = {isa = PBXBuildFile; fileRef = E4C6AE9511D5415400068008 /* ConnectionManager.m */; };
		E4C6AEBE11D5415400068008 /* ConnectionDelegate.m in Sources */ = {isa = PBXBuildFile; fileRef = E4C6AE9711D5415400068008 /* ConnectionDelegate.m */; };
		E4C6AEBF11D5415400068008 /* NSHTTPURLResponse+Error.m in Sources */ = {isa = PBXBuildFile; fileRef = E4C6AE9911D5415400068008 /* NSHTTPURLResponse+Error.m */; };
		E4C6AEC011D5415400068008 /* ORConnection.m in Sources */ = {isa = PBXBuildFile; fileRef = E4C6AE9B11D5415400068008 /* ORConnection.m */; };
		E4C6AEC111D5415400068008 /* Response.m in Sources */ = {isa = PBXBuildFile; fileRef = E4C6AE9D11D5415400068008 /* Response.m */; };
		E4C6AEC211D5415400068008 /* NSMutableURLRequest+ResponseType.m in Sources */ = {isa = PBXBuildFile; fileRef = E4C6AE9F11D5415400068008 /* NSMutableURLRequest+ResponseType.m */; };
		E4C6AEC311D5415400068008 /* NSError+Error.m in Sources */ = {isa = PBXBuildFile; fileRef = E4C6AEA111D5415400068008 /* NSError+Error.m */; };
		E4C6AEC411D5415400068008 /* ObjectiveResourceConfig.m in Sources */ = {isa = PBXBuildFile; fileRef = E4C6AEA411D5415400068008 /* ObjectiveResourceConfig.m */; };
		E4C6AEC911D5421100068008 /* Line.m in Sources */ = {isa = PBXBuildFile; fileRef = E4C6AEC811D5421100068008 /* Line.m */; };
		E4C6AF4911D5522900068008 /* Tip.m in Sources */ = {isa = PBXBuildFile; fileRef = E4C6AF4811D5522900068008 /* Tip.m */; };
		E4C6AF4C11D5526800068008 /* Exercise.m in Sources */ = {isa = PBXBuildFile; fileRef = E4C6AF4B11D5526800068008 /* Exercise.m */; };
		E4C6AF4F11D552BD00068008 /* GoalOwnership.m in Sources */ = {isa = PBXBuildFile; fileRef = E4C6AF4E11D552BD00068008 /* GoalOwnership.m */; };
		E4D8109911FE36AD0020AE8B /* LineEntity.m in Sources */ = {isa = PBXBuildFile; fileRef = E4D8109611FE36AD0020AE8B /* LineEntity.m */; };
		E4D8109A11FE36AD0020AE8B /* TipEntity.m in Sources */ = {isa = PBXBuildFile; fileRef = E4D8109811FE36AD0020AE8B /* TipEntity.m */; };
		E4D8223011FD14B70014D28A /* ExerciseEntity.m in Sources */ = {isa = PBXBuildFile; fileRef = E4D8222F11FD14B70014D28A /* ExerciseEntity.m */; };
		E4D8223311FD14CB0014D28A /* GoalOwnershipEntity.m in Sources */ = {isa = PBXBuildFile; fileRef = E4D8223211FD14CB0014D28A /* GoalOwnershipEntity.m */; };
		E4E0B2D711D7BF9300C0D0A2 /* DataDelegate.m in Sources */ = {isa = PBXBuildFile; fileRef = E4E0B2D611D7BF9300C0D0A2 /* DataDelegate.m */; };
/* End PBXBuildFile section */

/* Begin PBXFileReference section */
		1D30AB110D05D00D00671497 /* Foundation.framework */ = {isa = PBXFileReference; lastKnownFileType = wrapper.framework; name = Foundation.framework; path = System/Library/Frameworks/Foundation.framework; sourceTree = SDKROOT; };
		1D3623240D0F684500981E51 /* TalkToHerAppDelegate.h */ = {isa = PBXFileReference; fileEncoding = 4; lastKnownFileType = sourcecode.c.h; path = TalkToHerAppDelegate.h; sourceTree = "<group>"; };
		1D3623250D0F684500981E51 /* TalkToHerAppDelegate.m */ = {isa = PBXFileReference; fileEncoding = 4; lastKnownFileType = sourcecode.c.objc; path = TalkToHerAppDelegate.m; sourceTree = "<group>"; };
		1D6058910D05DD3D006BFB54 /* TalkToHer.app */ = {isa = PBXFileReference; explicitFileType = wrapper.application; includeInIndex = 0; path = TalkToHer.app; sourceTree = BUILT_PRODUCTS_DIR; };
		1DF5F4DF0D08C38300B7A737 /* UIKit.framework */ = {isa = PBXFileReference; lastKnownFileType = wrapper.framework; name = UIKit.framework; path = System/Library/Frameworks/UIKit.framework; sourceTree = SDKROOT; };
		2892E40F0DC94CBA00A64D0F /* CoreGraphics.framework */ = {isa = PBXFileReference; lastKnownFileType = wrapper.framework; name = CoreGraphics.framework; path = System/Library/Frameworks/CoreGraphics.framework; sourceTree = SDKROOT; };
		28A0AAE50D9B0CCF005BE974 /* TalkToHer_Prefix.pch */ = {isa = PBXFileReference; fileEncoding = 4; lastKnownFileType = sourcecode.c.h; path = TalkToHer_Prefix.pch; sourceTree = "<group>"; };
		28C286DF0D94DF7D0034E888 /* RootViewController.h */ = {isa = PBXFileReference; fileEncoding = 4; lastKnownFileType = sourcecode.c.h; path = RootViewController.h; sourceTree = "<group>"; };
		28C286E00D94DF7D0034E888 /* RootViewController.m */ = {isa = PBXFileReference; fileEncoding = 4; lastKnownFileType = sourcecode.c.objc; path = RootViewController.m; sourceTree = "<group>"; };
		29B97316FDCFA39411CA2CEA /* main.m */ = {isa = PBXFileReference; fileEncoding = 4; lastKnownFileType = sourcecode.c.objc; path = main.m; sourceTree = "<group>"; };
		8D1107310486CEB800E47090 /* TalkToHer-Info.plist */ = {isa = PBXFileReference; fileEncoding = 4; lastKnownFileType = text.plist.xml; path = "TalkToHer-Info.plist"; plistStructureDefinitionIdentifier = "com.apple.xcode.plist.structure-definition.iphone.info-plist"; sourceTree = "<group>"; };
		E40017F611FE4251001359B0 /* ContentDelegate.h */ = {isa = PBXFileReference; fileEncoding = 4; lastKnownFileType = sourcecode.c.h; path = ContentDelegate.h; sourceTree = "<group>"; };
		E40017F711FE4251001359B0 /* ContentDelegate.m */ = {isa = PBXFileReference; fileEncoding = 4; lastKnownFileType = sourcecode.c.objc; path = ContentDelegate.m; sourceTree = "<group>"; };
		E4001B4111FF8B8B001359B0 /* UserEntity.h */ = {isa = PBXFileReference; fileEncoding = 4; lastKnownFileType = sourcecode.c.h; path = UserEntity.h; sourceTree = "<group>"; };
		E4001B4211FF8B8B001359B0 /* UserEntity.m */ = {isa = PBXFileReference; fileEncoding = 4; lastKnownFileType = sourcecode.c.objc; path = UserEntity.m; sourceTree = "<group>"; };
		E4001D1D12006E6B001359B0 /* icon.png */ = {isa = PBXFileReference; lastKnownFileType = image.png; path = icon.png; sourceTree = "<group>"; };
		E4001D1E12006E6B001359B0 /* icon@2x.png */ = {isa = PBXFileReference; lastKnownFileType = image.png; path = "icon@2x.png"; sourceTree = "<group>"; };
		E4001D2312006F25001359B0 /* default.png */ = {isa = PBXFileReference; lastKnownFileType = image.png; path = default.png; sourceTree = "<group>"; };
		E4001D421200BB28001359B0 /* MessageUI.framework */ = {isa = PBXFileReference; lastKnownFileType = wrapper.framework; name = MessageUI.framework; path = System/Library/Frameworks/MessageUI.framework; sourceTree = SDKROOT; };
		E409694011F1154E0055459F /* ProgressController.h */ = {isa = PBXFileReference; fileEncoding = 4; lastKnownFileType = sourcecode.c.h; path = ProgressController.h; sourceTree = "<group>"; };
		E409694111F1154E0055459F /* ProgressController.m */ = {isa = PBXFileReference; fileEncoding = 4; lastKnownFileType = sourcecode.c.objc; path = ProgressController.m; sourceTree = "<group>"; };
		E409694211F1154E0055459F /* ProgressController.xib */ = {isa = PBXFileReference; lastKnownFileType = file.xib; name = ProgressController.xib; path = Classes/ProgressController.xib; sourceTree = "<group>"; };
		E40D0DEF11D9361B004CC712 /* InspirationCell.h */ = {isa = PBXFileReference; fileEncoding = 4; lastKnownFileType = sourcecode.c.h; path = InspirationCell.h; sourceTree = "<group>"; };
		E40D0DF011D9361B004CC712 /* InspirationCell.m */ = {isa = PBXFileReference; fileEncoding = 4; lastKnownFileType = sourcecode.c.objc; path = InspirationCell.m; sourceTree = "<group>"; };
		E419E35D11F016E000F400DD /* exercises.png */ = {isa = PBXFileReference; lastKnownFileType = image.png; path = exercises.png; sourceTree = "<group>"; };
		E419E35F11F016E000F400DD /* lines.png */ = {isa = PBXFileReference; lastKnownFileType = image.png; path = lines.png; sourceTree = "<group>"; };
		E419E36711F0182500F400DD /* goals.png */ = {isa = PBXFileReference; lastKnownFileType = image.png; path = goals.png; sourceTree = "<group>"; };
		E419E36D11F0199500F400DD /* login.png */ = {isa = PBXFileReference; lastKnownFileType = image.png; path = login.png; sourceTree = "<group>"; };
		E419E37111F01A1F00F400DD /* tips.png */ = {isa = PBXFileReference; lastKnownFileType = image.png; path = tips.png; sourceTree = "<group>"; };
		E419E37C11F0224800F400DD /* more.png */ = {isa = PBXFileReference; lastKnownFileType = image.png; path = more.png; sourceTree = "<group>"; };
		E419E38011F0236E00F400DD /* write.png */ = {isa = PBXFileReference; lastKnownFileType = image.png; path = write.png; sourceTree = "<group>"; };
		E435D8F211F7085F00A5061D /* AddressBook.framework */ = {isa = PBXFileReference; lastKnownFileType = wrapper.framework; name = AddressBook.framework; path = System/Library/Frameworks/AddressBook.framework; sourceTree = SDKROOT; };
		E439369511D50DD300D6DED9 /* InspirationController.h */ = {isa = PBXFileReference; fileEncoding = 4; lastKnownFileType = sourcecode.c.h; path = InspirationController.h; sourceTree = "<group>"; };
		E439369611D50DD300D6DED9 /* InspirationController.m */ = {isa = PBXFileReference; fileEncoding = 4; lastKnownFileType = sourcecode.c.objc; path = InspirationController.m; sourceTree = "<group>"; };
		E44065BF11EBB9F700A48898 /* LoaderCell.h */ = {isa = PBXFileReference; fileEncoding = 4; lastKnownFileType = sourcecode.c.h; path = LoaderCell.h; sourceTree = "<group>"; };
		E44065C011EBB9F700A48898 /* LoaderCell.m */ = {isa = PBXFileReference; fileEncoding = 4; lastKnownFileType = sourcecode.c.objc; path = LoaderCell.m; sourceTree = "<group>"; };
		E440664011EC001F00A48898 /* ASIAuthenticationDialog.h */ = {isa = PBXFileReference; fileEncoding = 4; lastKnownFileType = sourcecode.c.h; path = ASIAuthenticationDialog.h; sourceTree = "<group>"; };
		E440664111EC001F00A48898 /* ASIAuthenticationDialog.m */ = {isa = PBXFileReference; fileEncoding = 4; lastKnownFileType = sourcecode.c.objc; path = ASIAuthenticationDialog.m; sourceTree = "<group>"; };
		E440664211EC002000A48898 /* ASICacheDelegate.h */ = {isa = PBXFileReference; fileEncoding = 4; lastKnownFileType = sourcecode.c.h; path = ASICacheDelegate.h; sourceTree = "<group>"; };
		E440664311EC002000A48898 /* ASIDownloadCache.h */ = {isa = PBXFileReference; fileEncoding = 4; lastKnownFileType = sourcecode.c.h; path = ASIDownloadCache.h; sourceTree = "<group>"; };
		E440664411EC002000A48898 /* ASIDownloadCache.m */ = {isa = PBXFileReference; fileEncoding = 4; lastKnownFileType = sourcecode.c.objc; path = ASIDownloadCache.m; sourceTree = "<group>"; };
		E440664511EC002000A48898 /* ASIFormDataRequest.h */ = {isa = PBXFileReference; fileEncoding = 4; lastKnownFileType = sourcecode.c.h; path = ASIFormDataRequest.h; sourceTree = "<group>"; };
		E440664611EC002000A48898 /* ASIFormDataRequest.m */ = {isa = PBXFileReference; fileEncoding = 4; lastKnownFileType = sourcecode.c.objc; path = ASIFormDataRequest.m; sourceTree = "<group>"; };
		E440664711EC002000A48898 /* ASIHTTPRequest.h */ = {isa = PBXFileReference; fileEncoding = 4; lastKnownFileType = sourcecode.c.h; path = ASIHTTPRequest.h; sourceTree = "<group>"; };
		E440664811EC002000A48898 /* ASIHTTPRequest.m */ = {isa = PBXFileReference; fileEncoding = 4; lastKnownFileType = sourcecode.c.objc; path = ASIHTTPRequest.m; sourceTree = "<group>"; };
		E440664911EC002000A48898 /* ASIHTTPRequestConfig.h */ = {isa = PBXFileReference; fileEncoding = 4; lastKnownFileType = sourcecode.c.h; path = ASIHTTPRequestConfig.h; sourceTree = "<group>"; };
		E440664A11EC002000A48898 /* ASIHTTPRequestDelegate.h */ = {isa = PBXFileReference; fileEncoding = 4; lastKnownFileType = sourcecode.c.h; path = ASIHTTPRequestDelegate.h; sourceTree = "<group>"; };
		E440664B11EC002000A48898 /* ASIInputStream.h */ = {isa = PBXFileReference; fileEncoding = 4; lastKnownFileType = sourcecode.c.h; path = ASIInputStream.h; sourceTree = "<group>"; };
		E440664C11EC002000A48898 /* ASIInputStream.m */ = {isa = PBXFileReference; fileEncoding = 4; lastKnownFileType = sourcecode.c.objc; path = ASIInputStream.m; sourceTree = "<group>"; };
		E440664D11EC002000A48898 /* ASINetworkQueue.h */ = {isa = PBXFileReference; fileEncoding = 4; lastKnownFileType = sourcecode.c.h; path = ASINetworkQueue.h; sourceTree = "<group>"; };
		E440664E11EC002000A48898 /* ASINetworkQueue.m */ = {isa = PBXFileReference; fileEncoding = 4; lastKnownFileType = sourcecode.c.objc; path = ASINetworkQueue.m; sourceTree = "<group>"; };
		E440664F11EC002000A48898 /* ASIProgressDelegate.h */ = {isa = PBXFileReference; fileEncoding = 4; lastKnownFileType = sourcecode.c.h; path = ASIProgressDelegate.h; sourceTree = "<group>"; };
		E440665C11EC006300A48898 /* Reachability.h */ = {isa = PBXFileReference; fileEncoding = 4; lastKnownFileType = sourcecode.c.h; path = Reachability.h; sourceTree = "<group>"; };
		E440665D11EC006300A48898 /* Reachability.m */ = {isa = PBXFileReference; fileEncoding = 4; lastKnownFileType = sourcecode.c.objc; path = Reachability.m; sourceTree = "<group>"; };
		E440666511EC00AA00A48898 /* CFNetwork.framework */ = {isa = PBXFileReference; lastKnownFileType = wrapper.framework; name = CFNetwork.framework; path = System/Library/Frameworks/CFNetwork.framework; sourceTree = SDKROOT; };
		E440666711EC00B400A48898 /* MobileCoreServices.framework */ = {isa = PBXFileReference; lastKnownFileType = wrapper.framework; name = MobileCoreServices.framework; path = System/Library/Frameworks/MobileCoreServices.framework; sourceTree = SDKROOT; };
		E440666911EC00C800A48898 /* libz.1.2.3.dylib */ = {isa = PBXFileReference; lastKnownFileType = "compiled.mach-o.dylib"; name = libz.1.2.3.dylib; path = usr/lib/libz.1.2.3.dylib; sourceTree = SDKROOT; };
		E44066CF11ECF7BF00A48898 /* Content.xcdatamodel */ = {isa = PBXFileReference; fileEncoding = 4; lastKnownFileType = wrapper.xcdatamodel; name = Content.xcdatamodel; path = Classes/Content.xcdatamodel; sourceTree = "<group>"; };
		E44066D911ED057000A48898 /* CoreData.framework */ = {isa = PBXFileReference; lastKnownFileType = wrapper.framework; name = CoreData.framework; path = System/Library/Frameworks/CoreData.framework; sourceTree = SDKROOT; };
		E4A1549D11DBFF5700A044D7 /* InspectionController.h */ = {isa = PBXFileReference; fileEncoding = 4; lastKnownFileType = sourcecode.c.h; path = InspectionController.h; sourceTree = "<group>"; };
		E4A1549E11DBFF5700A044D7 /* InspectionController.m */ = {isa = PBXFileReference; fileEncoding = 4; lastKnownFileType = sourcecode.c.objc; path = InspectionController.m; sourceTree = "<group>"; };
		E4A1549F11DBFF5700A044D7 /* InspectionController.xib */ = {isa = PBXFileReference; lastKnownFileType = file.xib; name = InspectionController.xib; path = Classes/InspectionController.xib; sourceTree = "<group>"; };
		E4A1572E11DF989700A044D7 /* ContributionController.h */ = {isa = PBXFileReference; fileEncoding = 4; lastKnownFileType = sourcecode.c.h; path = ContributionController.h; sourceTree = "<group>"; };
		E4A1572F11DF989700A044D7 /* ContributionController.m */ = {isa = PBXFileReference; fileEncoding = 4; lastKnownFileType = sourcecode.c.objc; path = ContributionController.m; sourceTree = "<group>"; };
		E4A1573011DF989700A044D7 /* ContributionController.xib */ = {isa = PBXFileReference; lastKnownFileType = file.xib; name = ContributionController.xib; path = Classes/ContributionController.xib; sourceTree = "<group>"; };
		E4A1589411E4E2A600A044D7 /* IdentificationController.h */ = {isa = PBXFileReference; fileEncoding = 4; lastKnownFileType = sourcecode.c.h; path = IdentificationController.h; sourceTree = "<group>"; };
		E4A1589511E4E2A600A044D7 /* IdentificationController.m */ = {isa = PBXFileReference; fileEncoding = 4; lastKnownFileType = sourcecode.c.objc; path = IdentificationController.m; sourceTree = "<group>"; };
		E4A1589611E4E2A600A044D7 /* IdentificationController.xib */ = {isa = PBXFileReference; lastKnownFileType = file.xib; name = IdentificationController.xib; path = Classes/IdentificationController.xib; sourceTree = "<group>"; };
		E4A158A311E4E49200A044D7 /* UserSession.h */ = {isa = PBXFileReference; fileEncoding = 4; lastKnownFileType = sourcecode.c.h; path = UserSession.h; sourceTree = "<group>"; };
		E4A158A411E4E49200A044D7 /* UserSession.m */ = {isa = PBXFileReference; fileEncoding = 4; lastKnownFileType = sourcecode.c.objc; path = UserSession.m; sourceTree = "<group>"; };
		E4A158B411E4EA6D00A044D7 /* User.h */ = {isa = PBXFileReference; fileEncoding = 4; lastKnownFileType = sourcecode.c.h; path = User.h; sourceTree = "<group>"; };
		E4A158B511E4EA6D00A044D7 /* User.m */ = {isa = PBXFileReference; fileEncoding = 4; lastKnownFileType = sourcecode.c.objc; path = User.m; sourceTree = "<group>"; };
		E4C0D7F21201C2A6006AB8AF /* GoalSettingController.h */ = {isa = PBXFileReference; fileEncoding = 4; lastKnownFileType = sourcecode.c.h; path = GoalSettingController.h; sourceTree = "<group>"; };
		E4C0D7F31201C2A6006AB8AF /* GoalSettingController.m */ = {isa = PBXFileReference; fileEncoding = 4; lastKnownFileType = sourcecode.c.objc; path = GoalSettingController.m; sourceTree = "<group>"; };
		E4C0D7F41201C2A6006AB8AF /* GoalSettingController.xib */ = {isa = PBXFileReference; lastKnownFileType = file.xib; name = GoalSettingController.xib; path = Classes/GoalSettingController.xib; sourceTree = "<group>"; };
		E4C0D80B1201C628006AB8AF /* Goal.h */ = {isa = PBXFileReference; fileEncoding = 4; lastKnownFileType = sourcecode.c.h; path = Goal.h; sourceTree = "<group>"; };
		E4C0D80C1201C628006AB8AF /* Goal.m */ = {isa = PBXFileReference; fileEncoding = 4; lastKnownFileType = sourcecode.c.objc; path = Goal.m; sourceTree = "<group>"; };
		E4C0DB3212031D0A006AB8AF /* InfoController.h */ = {isa = PBXFileReference; fileEncoding = 4; lastKnownFileType = sourcecode.c.h; path = InfoController.h; sourceTree = "<group>"; };
		E4C0DB3312031D0A006AB8AF /* InfoController.m */ = {isa = PBXFileReference; fileEncoding = 4; lastKnownFileType = sourcecode.c.objc; path = InfoController.m; sourceTree = "<group>"; };
		E4C0DB3412031D0A006AB8AF /* InfoController.xib */ = {isa = PBXFileReference; lastKnownFileType = file.xib; name = InfoController.xib; path = Classes/InfoController.xib; sourceTree = "<group>"; };
		E4C6ACCD11D514F000068008 /* InspirationController.xib */ = {isa = PBXFileReference; lastKnownFileType = file.xib; name = InspirationController.xib; path = Views/InspirationController.xib; sourceTree = "<group>"; };
		E4C6ACCE11D514F000068008 /* MainWindow.xib */ = {isa = PBXFileReference; lastKnownFileType = file.xib; name = MainWindow.xib; path = Views/MainWindow.xib; sourceTree = "<group>"; };
		E4C6ACCF11D514F000068008 /* RootViewController.xib */ = {isa = PBXFileReference; lastKnownFileType = file.xib; name = RootViewController.xib; path = Views/RootViewController.xib; sourceTree = "<group>"; };
		E4C6ADE811D5290E00068008 /* SystemConfiguration.framework */ = {isa = PBXFileReference; lastKnownFileType = wrapper.framework; name = SystemConfiguration.framework; path = System/Library/Frameworks/SystemConfiguration.framework; sourceTree = SDKROOT; };
		E4C6AE5511D5415400068008 /* CoreSupport.h */ = {isa = PBXFileReference; fileEncoding = 4; lastKnownFileType = sourcecode.c.h; path = CoreSupport.h; sourceTree = "<group>"; };
		E4C6AE5711D5415400068008 /* NSString+InflectionSupport.h */ = {isa = PBXFileReference; fileEncoding = 4; lastKnownFileType = sourcecode.c.h; path = "NSString+InflectionSupport.h"; sourceTree = "<group>"; };
		E4C6AE5811D5415400068008 /* NSString+InflectionSupport.m */ = {isa = PBXFileReference; fileEncoding = 4; lastKnownFileType = sourcecode.c.objc; path = "NSString+InflectionSupport.m"; sourceTree = "<group>"; };
		E4C6AE5911D5415400068008 /* NSData+Additions.h */ = {isa = PBXFileReference; fileEncoding = 4; lastKnownFileType = sourcecode.c.h; path = "NSData+Additions.h"; sourceTree = "<group>"; };
		E4C6AE5A11D5415400068008 /* NSData+Additions.m */ = {isa = PBXFileReference; fileEncoding = 4; lastKnownFileType = sourcecode.c.objc; path = "NSData+Additions.m"; sourceTree = "<group>"; };
		E4C6AE5B11D5415400068008 /* NSObject+PropertySupport.h */ = {isa = PBXFileReference; fileEncoding = 4; lastKnownFileType = sourcecode.c.h; path = "NSObject+PropertySupport.h"; sourceTree = "<group>"; };
		E4C6AE5C11D5415400068008 /* NSObject+PropertySupport.m */ = {isa = PBXFileReference; fileEncoding = 4; lastKnownFileType = sourcecode.c.objc; path = "NSObject+PropertySupport.m"; sourceTree = "<group>"; };
		E4C6AE5D11D5415400068008 /* NSString+GSub.h */ = {isa = PBXFileReference; fileEncoding = 4; lastKnownFileType = sourcecode.c.h; path = "NSString+GSub.h"; sourceTree = "<group>"; };
		E4C6AE5E11D5415400068008 /* NSString+GSub.m */ = {isa = PBXFileReference; fileEncoding = 4; lastKnownFileType = sourcecode.c.objc; path = "NSString+GSub.m"; sourceTree = "<group>"; };
		E4C6AE5F11D5415400068008 /* ObjectiveResourceDateFormatter.h */ = {isa = PBXFileReference; fileEncoding = 4; lastKnownFileType = sourcecode.c.h; path = ObjectiveResourceDateFormatter.h; sourceTree = "<group>"; };
		E4C6AE6011D5415400068008 /* ObjectiveResourceDateFormatter.m */ = {isa = PBXFileReference; fileEncoding = 4; lastKnownFileType = sourcecode.c.objc; path = ObjectiveResourceDateFormatter.m; sourceTree = "<group>"; };
		E4C6AE6111D5415400068008 /* ObjectiveSupport.h */ = {isa = PBXFileReference; fileEncoding = 4; lastKnownFileType = sourcecode.c.h; path = ObjectiveSupport.h; sourceTree = "<group>"; };
		E4C6AE6311D5415400068008 /* JSONFramework.h */ = {isa = PBXFileReference; fileEncoding = 4; lastKnownFileType = sourcecode.c.h; path = JSONFramework.h; sourceTree = "<group>"; };
		E4C6AE6411D5415400068008 /* NSObject+SBJSON.h */ = {isa = PBXFileReference; fileEncoding = 4; lastKnownFileType = sourcecode.c.h; path = "NSObject+SBJSON.h"; sourceTree = "<group>"; };
		E4C6AE6511D5415400068008 /* NSObject+SBJSON.m */ = {isa = PBXFileReference; fileEncoding = 4; lastKnownFileType = sourcecode.c.objc; path = "NSObject+SBJSON.m"; sourceTree = "<group>"; };
		E4C6AE6611D5415400068008 /* NSString+SBJSON.h */ = {isa = PBXFileReference; fileEncoding = 4; lastKnownFileType = sourcecode.c.h; path = "NSString+SBJSON.h"; sourceTree = "<group>"; };
		E4C6AE6711D5415400068008 /* NSString+SBJSON.m */ = {isa = PBXFileReference; fileEncoding = 4; lastKnownFileType = sourcecode.c.objc; path = "NSString+SBJSON.m"; sourceTree = "<group>"; };
		E4C6AE6811D5415400068008 /* SBJSON.h */ = {isa = PBXFileReference; fileEncoding = 4; lastKnownFileType = sourcecode.c.h; path = SBJSON.h; sourceTree = "<group>"; };
		E4C6AE6911D5415400068008 /* SBJSON.m */ = {isa = PBXFileReference; fileEncoding = 4; lastKnownFileType = sourcecode.c.objc; path = SBJSON.m; sourceTree = "<group>"; };
		E4C6AE6C11D5415400068008 /* NSArray+JSONSerializableSupport.h */ = {isa = PBXFileReference; fileEncoding = 4; lastKnownFileType = sourcecode.c.h; path = "NSArray+JSONSerializableSupport.h"; sourceTree = "<group>"; };
		E4C6AE6D11D5415400068008 /* NSArray+JSONSerializableSupport.m */ = {isa = PBXFileReference; fileEncoding = 4; lastKnownFileType = sourcecode.c.objc; path = "NSArray+JSONSerializableSupport.m"; sourceTree = "<group>"; };
		E4C6AE6E11D5415400068008 /* JSONSerializable.h */ = {isa = PBXFileReference; fileEncoding = 4; lastKnownFileType = sourcecode.c.h; path = JSONSerializable.h; sourceTree = "<group>"; };
		E4C6AE6F11D5415400068008 /* JSONSerializableSupport.h */ = {isa = PBXFileReference; fileEncoding = 4; lastKnownFileType = sourcecode.c.h; path = JSONSerializableSupport.h; sourceTree = "<group>"; };
		E4C6AE7011D5415400068008 /* NSDictionary+JSONSerializableSupport.h */ = {isa = PBXFileReference; fileEncoding = 4; lastKnownFileType = sourcecode.c.h; path = "NSDictionary+JSONSerializableSupport.h"; sourceTree = "<group>"; };
		E4C6AE7111D5415400068008 /* NSDictionary+JSONSerializableSupport.m */ = {isa = PBXFileReference; fileEncoding = 4; lastKnownFileType = sourcecode.c.objc; path = "NSDictionary+JSONSerializableSupport.m"; sourceTree = "<group>"; };
		E4C6AE7211D5415400068008 /* NSObject+JSONSerializableSupport.h */ = {isa = PBXFileReference; fileEncoding = 4; lastKnownFileType = sourcecode.c.h; path = "NSObject+JSONSerializableSupport.h"; sourceTree = "<group>"; };
		E4C6AE7311D5415400068008 /* NSObject+JSONSerializableSupport.m */ = {isa = PBXFileReference; fileEncoding = 4; lastKnownFileType = sourcecode.c.objc; path = "NSObject+JSONSerializableSupport.m"; sourceTree = "<group>"; };
		E4C6AE7411D5415400068008 /* NSDate+Serialize.h */ = {isa = PBXFileReference; fileEncoding = 4; lastKnownFileType = sourcecode.c.h; path = "NSDate+Serialize.h"; sourceTree = "<group>"; };
		E4C6AE7511D5415400068008 /* NSDate+Serialize.m */ = {isa = PBXFileReference; fileEncoding = 4; lastKnownFileType = sourcecode.c.objc; path = "NSDate+Serialize.m"; sourceTree = "<group>"; };
		E4C6AE7611D5415400068008 /* NSDictionary+KeyTranslation.h */ = {isa = PBXFileReference; fileEncoding = 4; lastKnownFileType = sourcecode.c.h; path = "NSDictionary+KeyTranslation.h"; sourceTree = "<group>"; };
		E4C6AE7711D5415400068008 /* NSDictionary+KeyTranslation.m */ = {isa = PBXFileReference; fileEncoding = 4; lastKnownFileType = sourcecode.c.objc; path = "NSDictionary+KeyTranslation.m"; sourceTree = "<group>"; };
		E4C6AE7811D5415400068008 /* NSObject+Serialize.h */ = {isa = PBXFileReference; fileEncoding = 4; lastKnownFileType = sourcecode.c.h; path = "NSObject+Serialize.h"; sourceTree = "<group>"; };
		E4C6AE7911D5415400068008 /* NSObject+Serialize.m */ = {isa = PBXFileReference; fileEncoding = 4; lastKnownFileType = sourcecode.c.objc; path = "NSObject+Serialize.m"; sourceTree = "<group>"; };
		E4C6AE7A11D5415400068008 /* NSString+Serialize.h */ = {isa = PBXFileReference; fileEncoding = 4; lastKnownFileType = sourcecode.c.h; path = "NSString+Serialize.h"; sourceTree = "<group>"; };
		E4C6AE7B11D5415400068008 /* NSString+Serialize.m */ = {isa = PBXFileReference; fileEncoding = 4; lastKnownFileType = sourcecode.c.objc; path = "NSString+Serialize.m"; sourceTree = "<group>"; };
		E4C6AE7C11D5415400068008 /* Serialize.h */ = {isa = PBXFileReference; fileEncoding = 4; lastKnownFileType = sourcecode.c.h; path = Serialize.h; sourceTree = "<group>"; };
		E4C6AE7E11D5415400068008 /* NSNumber+XMLSerializableSupport.h */ = {isa = PBXFileReference; fileEncoding = 4; lastKnownFileType = sourcecode.c.h; path = "NSNumber+XMLSerializableSupport.h"; sourceTree = "<group>"; };
		E4C6AE7F11D5415400068008 /* NSNumber+XMLSerializableSupport.m */ = {isa = PBXFileReference; fileEncoding = 4; lastKnownFileType = sourcecode.c.objc; path = "NSNumber+XMLSerializableSupport.m"; sourceTree = "<group>"; };
		E4C6AE8011D5415400068008 /* FromXMLElementDelegate.h */ = {isa = PBXFileReference; fileEncoding = 4; lastKnownFileType = sourcecode.c.h; path = FromXMLElementDelegate.h; sourceTree = "<group>"; };
		E4C6AE8111D5415400068008 /* FromXMLElementDelegate.m */ = {isa = PBXFileReference; fileEncoding = 4; lastKnownFileType = sourcecode.c.objc; path = FromXMLElementDelegate.m; sourceTree = "<group>"; };
		E4C6AE8211D5415400068008 /* NSArray+XMLSerializableSupport.h */ = {isa = PBXFileReference; fileEncoding = 4; lastKnownFileType = sourcecode.c.h; path = "NSArray+XMLSerializableSupport.h"; sourceTree = "<group>"; };
		E4C6AE8311D5415400068008 /* NSArray+XMLSerializableSupport.m */ = {isa = PBXFileReference; fileEncoding = 4; lastKnownFileType = sourcecode.c.objc; path = "NSArray+XMLSerializableSupport.m"; sourceTree = "<group>"; };
		E4C6AE8411D5415400068008 /* NSDate+XMLSerializableSupport.h */ = {isa = PBXFileReference; fileEncoding = 4; lastKnownFileType = sourcecode.c.h; path = "NSDate+XMLSerializableSupport.h"; sourceTree = "<group>"; };
		E4C6AE8511D5415400068008 /* NSDate+XMLSerializableSupport.m */ = {isa = PBXFileReference; fileEncoding = 4; lastKnownFileType = sourcecode.c.objc; path = "NSDate+XMLSerializableSupport.m"; sourceTree = "<group>"; };
		E4C6AE8611D5415400068008 /* NSDictionary+XMLSerializableSupport.h */ = {isa = PBXFileReference; fileEncoding = 4; lastKnownFileType = sourcecode.c.h; path = "NSDictionary+XMLSerializableSupport.h"; sourceTree = "<group>"; };
		E4C6AE8711D5415400068008 /* NSDictionary+XMLSerializableSupport.m */ = {isa = PBXFileReference; fileEncoding = 4; lastKnownFileType = sourcecode.c.objc; path = "NSDictionary+XMLSerializableSupport.m"; sourceTree = "<group>"; };
		E4C6AE8811D5415400068008 /* NSNull+XMLSerializableSupport.h */ = {isa = PBXFileReference; fileEncoding = 4; lastKnownFileType = sourcecode.c.h; path = "NSNull+XMLSerializableSupport.h"; sourceTree = "<group>"; };
		E4C6AE8911D5415400068008 /* NSNull+XMLSerializableSupport.m */ = {isa = PBXFileReference; fileEncoding = 4; lastKnownFileType = sourcecode.c.objc; path = "NSNull+XMLSerializableSupport.m"; sourceTree = "<group>"; };
		E4C6AE8A11D5415400068008 /* NSObject+XMLSerializableSupport.h */ = {isa = PBXFileReference; fileEncoding = 4; lastKnownFileType = sourcecode.c.h; path = "NSObject+XMLSerializableSupport.h"; sourceTree = "<group>"; };
		E4C6AE8B11D5415400068008 /* NSObject+XMLSerializableSupport.m */ = {isa = PBXFileReference; fileEncoding = 4; lastKnownFileType = sourcecode.c.objc; path = "NSObject+XMLSerializableSupport.m"; sourceTree = "<group>"; };
		E4C6AE8C11D5415400068008 /* NSString+XMLSerializableSupport.h */ = {isa = PBXFileReference; fileEncoding = 4; lastKnownFileType = sourcecode.c.h; path = "NSString+XMLSerializableSupport.h"; sourceTree = "<group>"; };
		E4C6AE8D11D5415400068008 /* NSString+XMLSerializableSupport.m */ = {isa = PBXFileReference; fileEncoding = 4; lastKnownFileType = sourcecode.c.objc; path = "NSString+XMLSerializableSupport.m"; sourceTree = "<group>"; };
		E4C6AE8E11D5415400068008 /* XMLSerializable.h */ = {isa = PBXFileReference; fileEncoding = 4; lastKnownFileType = sourcecode.c.h; path = XMLSerializable.h; sourceTree = "<group>"; };
		E4C6AE8F11D5415400068008 /* XMLSerializableSupport.h */ = {isa = PBXFileReference; fileEncoding = 4; lastKnownFileType = sourcecode.c.h; path = XMLSerializableSupport.h; sourceTree = "<group>"; };
		E4C6AE9111D5415400068008 /* NSObject+ObjectiveResource.h */ = {isa = PBXFileReference; fileEncoding = 4; lastKnownFileType = sourcecode.c.h; path = "NSObject+ObjectiveResource.h"; sourceTree = "<group>"; };
		E4C6AE9211D5415400068008 /* NSObject+ObjectiveResource.m */ = {isa = PBXFileReference; fileEncoding = 4; lastKnownFileType = sourcecode.c.objc; path = "NSObject+ObjectiveResource.m"; sourceTree = "<group>"; };
		E4C6AE9411D5415400068008 /* ConnectionManager.h */ = {isa = PBXFileReference; fileEncoding = 4; lastKnownFileType = sourcecode.c.h; path = ConnectionManager.h; sourceTree = "<group>"; };
		E4C6AE9511D5415400068008 /* ConnectionManager.m */ = {isa = PBXFileReference; fileEncoding = 4; lastKnownFileType = sourcecode.c.objc; path = ConnectionManager.m; sourceTree = "<group>"; };
		E4C6AE9611D5415400068008 /* ConnectionDelegate.h */ = {isa = PBXFileReference; fileEncoding = 4; lastKnownFileType = sourcecode.c.h; path = ConnectionDelegate.h; sourceTree = "<group>"; };
		E4C6AE9711D5415400068008 /* ConnectionDelegate.m */ = {isa = PBXFileReference; fileEncoding = 4; lastKnownFileType = sourcecode.c.objc; path = ConnectionDelegate.m; sourceTree = "<group>"; };
		E4C6AE9811D5415400068008 /* NSHTTPURLResponse+Error.h */ = {isa = PBXFileReference; fileEncoding = 4; lastKnownFileType = sourcecode.c.h; path = "NSHTTPURLResponse+Error.h"; sourceTree = "<group>"; };
		E4C6AE9911D5415400068008 /* NSHTTPURLResponse+Error.m */ = {isa = PBXFileReference; fileEncoding = 4; lastKnownFileType = sourcecode.c.objc; path = "NSHTTPURLResponse+Error.m"; sourceTree = "<group>"; };
		E4C6AE9A11D5415400068008 /* ORConnection.h */ = {isa = PBXFileReference; fileEncoding = 4; lastKnownFileType = sourcecode.c.h; path = ORConnection.h; sourceTree = "<group>"; };
		E4C6AE9B11D5415400068008 /* ORConnection.m */ = {isa = PBXFileReference; fileEncoding = 4; lastKnownFileType = sourcecode.c.objc; path = ORConnection.m; sourceTree = "<group>"; };
		E4C6AE9C11D5415400068008 /* Response.h */ = {isa = PBXFileReference; fileEncoding = 4; lastKnownFileType = sourcecode.c.h; path = Response.h; sourceTree = "<group>"; };
		E4C6AE9D11D5415400068008 /* Response.m */ = {isa = PBXFileReference; fileEncoding = 4; lastKnownFileType = sourcecode.c.objc; path = Response.m; sourceTree = "<group>"; };
		E4C6AE9E11D5415400068008 /* NSMutableURLRequest+ResponseType.h */ = {isa = PBXFileReference; fileEncoding = 4; lastKnownFileType = sourcecode.c.h; path = "NSMutableURLRequest+ResponseType.h"; sourceTree = "<group>"; };
		E4C6AE9F11D5415400068008 /* NSMutableURLRequest+ResponseType.m */ = {isa = PBXFileReference; fileEncoding = 4; lastKnownFileType = sourcecode.c.objc; path = "NSMutableURLRequest+ResponseType.m"; sourceTree = "<group>"; };
		E4C6AEA011D5415400068008 /* NSError+Error.h */ = {isa = PBXFileReference; fileEncoding = 4; lastKnownFileType = sourcecode.c.h; path = "NSError+Error.h"; sourceTree = "<group>"; };
		E4C6AEA111D5415400068008 /* NSError+Error.m */ = {isa = PBXFileReference; fileEncoding = 4; lastKnownFileType = sourcecode.c.objc; path = "NSError+Error.m"; sourceTree = "<group>"; };
		E4C6AEA211D5415400068008 /* ObjectiveResource.h */ = {isa = PBXFileReference; fileEncoding = 4; lastKnownFileType = sourcecode.c.h; path = ObjectiveResource.h; sourceTree = "<group>"; };
		E4C6AEA311D5415400068008 /* ObjectiveResourceConfig.h */ = {isa = PBXFileReference; fileEncoding = 4; lastKnownFileType = sourcecode.c.h; path = ObjectiveResourceConfig.h; sourceTree = "<group>"; };
		E4C6AEA411D5415400068008 /* ObjectiveResourceConfig.m */ = {isa = PBXFileReference; fileEncoding = 4; lastKnownFileType = sourcecode.c.objc; path = ObjectiveResourceConfig.m; sourceTree = "<group>"; };
		E4C6AEC711D5421100068008 /* Line.h */ = {isa = PBXFileReference; fileEncoding = 4; lastKnownFileType = sourcecode.c.h; path = Line.h; sourceTree = "<group>"; };
		E4C6AEC811D5421100068008 /* Line.m */ = {isa = PBXFileReference; fileEncoding = 4; lastKnownFileType = sourcecode.c.objc; path = Line.m; sourceTree = "<group>"; };
		E4C6AF4711D5522900068008 /* Tip.h */ = {isa = PBXFileReference; fileEncoding = 4; lastKnownFileType = sourcecode.c.h; path = Tip.h; sourceTree = "<group>"; };
		E4C6AF4811D5522900068008 /* Tip.m */ = {isa = PBXFileReference; fileEncoding = 4; lastKnownFileType = sourcecode.c.objc; path = Tip.m; sourceTree = "<group>"; };
		E4C6AF4A11D5526800068008 /* Exercise.h */ = {isa = PBXFileReference; fileEncoding = 4; lastKnownFileType = sourcecode.c.h; path = Exercise.h; sourceTree = "<group>"; };
		E4C6AF4B11D5526800068008 /* Exercise.m */ = {isa = PBXFileReference; fileEncoding = 4; lastKnownFileType = sourcecode.c.objc; path = Exercise.m; sourceTree = "<group>"; };
		E4C6AF4D11D552BD00068008 /* GoalOwnership.h */ = {isa = PBXFileReference; fileEncoding = 4; lastKnownFileType = sourcecode.c.h; path = GoalOwnership.h; sourceTree = "<group>"; };
		E4C6AF4E11D552BD00068008 /* GoalOwnership.m */ = {isa = PBXFileReference; fileEncoding = 4; lastKnownFileType = sourcecode.c.objc; path = GoalOwnership.m; sourceTree = "<group>"; };
		E4D8109511FE36AD0020AE8B /* LineEntity.h */ = {isa = PBXFileReference; fileEncoding = 4; lastKnownFileType = sourcecode.c.h; path = LineEntity.h; sourceTree = "<group>"; };
		E4D8109611FE36AD0020AE8B /* LineEntity.m */ = {isa = PBXFileReference; fileEncoding = 4; lastKnownFileType = sourcecode.c.objc; path = LineEntity.m; sourceTree = "<group>"; };
		E4D8109711FE36AD0020AE8B /* TipEntity.h */ = {isa = PBXFileReference; fileEncoding = 4; lastKnownFileType = sourcecode.c.h; path = TipEntity.h; sourceTree = "<group>"; };
		E4D8109811FE36AD0020AE8B /* TipEntity.m */ = {isa = PBXFileReference; fileEncoding = 4; lastKnownFileType = sourcecode.c.objc; path = TipEntity.m; sourceTree = "<group>"; };
		E4D8222E11FD14B70014D28A /* ExerciseEntity.h */ = {isa = PBXFileReference; fileEncoding = 4; lastKnownFileType = sourcecode.c.h; path = ExerciseEntity.h; sourceTree = "<group>"; };
		E4D8222F11FD14B70014D28A /* ExerciseEntity.m */ = {isa = PBXFileReference; fileEncoding = 4; lastKnownFileType = sourcecode.c.objc; path = ExerciseEntity.m; sourceTree = "<group>"; };
		E4D8223111FD14CB0014D28A /* GoalOwnershipEntity.h */ = {isa = PBXFileReference; fileEncoding = 4; lastKnownFileType = sourcecode.c.h; path = GoalOwnershipEntity.h; sourceTree = "<group>"; };
		E4D8223211FD14CB0014D28A /* GoalOwnershipEntity.m */ = {isa = PBXFileReference; fileEncoding = 4; lastKnownFileType = sourcecode.c.objc; path = GoalOwnershipEntity.m; sourceTree = "<group>"; };
		E4E0B2D511D7BF9300C0D0A2 /* DataDelegate.h */ = {isa = PBXFileReference; fileEncoding = 4; lastKnownFileType = sourcecode.c.h; path = DataDelegate.h; sourceTree = "<group>"; };
		E4E0B2D611D7BF9300C0D0A2 /* DataDelegate.m */ = {isa = PBXFileReference; fileEncoding = 4; lastKnownFileType = sourcecode.c.objc; path = DataDelegate.m; sourceTree = "<group>"; };
/* End PBXFileReference section */

/* Begin PBXFrameworksBuildPhase section */
		1D60588F0D05DD3D006BFB54 /* Frameworks */ = {
			isa = PBXFrameworksBuildPhase;
			buildActionMask = 2147483647;
			files = (
				1D60589F0D05DD5A006BFB54 /* Foundation.framework in Frameworks */,
				1DF5F4E00D08C38300B7A737 /* UIKit.framework in Frameworks */,
				2892E4100DC94CBA00A64D0F /* CoreGraphics.framework in Frameworks */,
				E4C6ADE911D5290E00068008 /* SystemConfiguration.framework in Frameworks */,
				E440666611EC00AA00A48898 /* CFNetwork.framework in Frameworks */,
				E440666811EC00B400A48898 /* MobileCoreServices.framework in Frameworks */,
				E440666A11EC00C800A48898 /* libz.1.2.3.dylib in Frameworks */,
				E44066DA11ED057000A48898 /* CoreData.framework in Frameworks */,
				E435D8F311F7085F00A5061D /* AddressBook.framework in Frameworks */,
				E4001D431200BB28001359B0 /* MessageUI.framework in Frameworks */,
			);
			runOnlyForDeploymentPostprocessing = 0;
		};
/* End PBXFrameworksBuildPhase section */

/* Begin PBXGroup section */
		080E96DDFE201D6D7F000001 /* Classes */ = {
			isa = PBXGroup;
			children = (
				E40017F411FE3975001359B0 /* Delegates */,
				E40017E311FE3922001359B0 /* Views */,
				E40017E211FE391C001359B0 /* Models */,
				E40017E111FE3915001359B0 /* Controllers */,
			);
			path = Classes;
			sourceTree = "<group>";
		};
		19C28FACFE9D520D11CA2CBB /* Products */ = {
			isa = PBXGroup;
			children = (
				1D6058910D05DD3D006BFB54 /* TalkToHer.app */,
			);
			name = Products;
			sourceTree = "<group>";
		};
		29B97314FDCFA39411CA2CEA /* CustomTemplate */ = {
			isa = PBXGroup;
			children = (
				080E96DDFE201D6D7F000001 /* Classes */,
				29B97315FDCFA39411CA2CEA /* Other Sources */,
				29B97317FDCFA39411CA2CEA /* Resources */,
				29B97323FDCFA39411CA2CEA /* Frameworks */,
				19C28FACFE9D520D11CA2CBB /* Products */,
			);
			name = CustomTemplate;
			sourceTree = "<group>";
		};
		29B97315FDCFA39411CA2CEA /* Other Sources */ = {
			isa = PBXGroup;
			children = (
				28A0AAE50D9B0CCF005BE974 /* TalkToHer_Prefix.pch */,
				29B97316FDCFA39411CA2CEA /* main.m */,
			);
			name = "Other Sources";
			sourceTree = "<group>";
		};
		29B97317FDCFA39411CA2CEA /* Resources */ = {
			isa = PBXGroup;
			children = (
				E4001D2312006F25001359B0 /* default.png */,
				E4001D1D12006E6B001359B0 /* icon.png */,
				E4001D1E12006E6B001359B0 /* icon@2x.png */,
				E44066CF11ECF7BF00A48898 /* Content.xcdatamodel */,
				E419E35D11F016E000F400DD /* exercises.png */,
				E419E37111F01A1F00F400DD /* tips.png */,
				E419E36711F0182500F400DD /* goals.png */,
				E419E35F11F016E000F400DD /* lines.png */,
				E419E36D11F0199500F400DD /* login.png */,
				E419E38011F0236E00F400DD /* write.png */,
				E419E37C11F0224800F400DD /* more.png */,
				E4A1573011DF989700A044D7 /* ContributionController.xib */,
				E4A1589611E4E2A600A044D7 /* IdentificationController.xib */,
				E4C0DB3412031D0A006AB8AF /* InfoController.xib */,
				E4A1549F11DBFF5700A044D7 /* InspectionController.xib */,
				E4C6ACCD11D514F000068008 /* InspirationController.xib */,
				E4C0D7F41201C2A6006AB8AF /* GoalSettingController.xib */,
				E409694211F1154E0055459F /* ProgressController.xib */,
				E4C6ACCE11D514F000068008 /* MainWindow.xib */,
				E4C6ACCF11D514F000068008 /* RootViewController.xib */,
				8D1107310486CEB800E47090 /* TalkToHer-Info.plist */,
			);
			name = Resources;
			sourceTree = "<group>";
		};
		29B97323FDCFA39411CA2CEA /* Frameworks */ = {
			isa = PBXGroup;
			children = (
				E440666511EC00AA00A48898 /* CFNetwork.framework */,
				E440666711EC00B400A48898 /* MobileCoreServices.framework */,
				E440666911EC00C800A48898 /* libz.1.2.3.dylib */,
				E440663811EBFFAD00A48898 /* ASIHTTPRequest */,
				E4C6AE9011D5415400068008 /* ObjectiveResource */,
				E4C6AE5311D5415400068008 /* lib */,
				1DF5F4DF0D08C38300B7A737 /* UIKit.framework */,
				1D30AB110D05D00D00671497 /* Foundation.framework */,
				2892E40F0DC94CBA00A64D0F /* CoreGraphics.framework */,
				E4C6ADE811D5290E00068008 /* SystemConfiguration.framework */,
				E44066D911ED057000A48898 /* CoreData.framework */,
				E435D8F211F7085F00A5061D /* AddressBook.framework */,
				E4001D421200BB28001359B0 /* MessageUI.framework */,
			);
			name = Frameworks;
			sourceTree = "<group>";
		};
		E40017E111FE3915001359B0 /* Controllers */ = {
			isa = PBXGroup;
			children = (
				28C286DF0D94DF7D0034E888 /* RootViewController.h */,
				E4A1589411E4E2A600A044D7 /* IdentificationController.h */,
				E439369511D50DD300D6DED9 /* InspirationController.h */,
				E4A1549D11DBFF5700A044D7 /* InspectionController.h */,
				E4A1572E11DF989700A044D7 /* ContributionController.h */,
				E4C0D7F21201C2A6006AB8AF /* GoalSettingController.h */,
				E409694011F1154E0055459F /* ProgressController.h */,
				E4C0DB3212031D0A006AB8AF /* InfoController.h */,
				28C286E00D94DF7D0034E888 /* RootViewController.m */,
				E4A1589511E4E2A600A044D7 /* IdentificationController.m */,
				E439369611D50DD300D6DED9 /* InspirationController.m */,
				E4A1549E11DBFF5700A044D7 /* InspectionController.m */,
				E4A1572F11DF989700A044D7 /* ContributionController.m */,
				E4C0D7F31201C2A6006AB8AF /* GoalSettingController.m */,
				E409694111F1154E0055459F /* ProgressController.m */,
				E4C0DB3312031D0A006AB8AF /* InfoController.m */,
			);
			name = Controllers;
			sourceTree = "<group>";
		};
		E40017E211FE391C001359B0 /* Models */ = {
			isa = PBXGroup;
			children = (
				E40017F511FE398F001359B0 /* Headers */,
				E4C6AF4B11D5526800068008 /* Exercise.m */,
				E4C6AF4E11D552BD00068008 /* GoalOwnership.m */,
				E4C6AEC811D5421100068008 /* Line.m */,
				E4C6AF4811D5522900068008 /* Tip.m */,
				E4D8222F11FD14B70014D28A /* ExerciseEntity.m */,
				E4D8223211FD14CB0014D28A /* GoalOwnershipEntity.m */,
				E4D8109611FE36AD0020AE8B /* LineEntity.m */,
				E4D8109811FE36AD0020AE8B /* TipEntity.m */,
				E4A158A411E4E49200A044D7 /* UserSession.m */,
				E4A158B511E4EA6D00A044D7 /* User.m */,
				E4001B4211FF8B8B001359B0 /* UserEntity.m */,
				E4C0D80C1201C628006AB8AF /* Goal.m */,
			);
			name = Models;
			sourceTree = "<group>";
		};
		E40017E311FE3922001359B0 /* Views */ = {
			isa = PBXGroup;
			children = (
				E40D0DEF11D9361B004CC712 /* InspirationCell.h */,
				E40D0DF011D9361B004CC712 /* InspirationCell.m */,
				E44065BF11EBB9F700A48898 /* LoaderCell.h */,
				E44065C011EBB9F700A48898 /* LoaderCell.m */,
			);
			name = Views;
			sourceTree = "<group>";
		};
		E40017F411FE3975001359B0 /* Delegates */ = {
			isa = PBXGroup;
			children = (
				1D3623240D0F684500981E51 /* TalkToHerAppDelegate.h */,
				1D3623250D0F684500981E51 /* TalkToHerAppDelegate.m */,
				E4E0B2D511D7BF9300C0D0A2 /* DataDelegate.h */,
				E4E0B2D611D7BF9300C0D0A2 /* DataDelegate.m */,
				E40017F611FE4251001359B0 /* ContentDelegate.h */,
				E40017F711FE4251001359B0 /* ContentDelegate.m */,
			);
			name = Delegates;
			sourceTree = "<group>";
		};
		E40017F511FE398F001359B0 /* Headers */ = {
			isa = PBXGroup;
			children = (
				E4C0D80B1201C628006AB8AF /* Goal.h */,
				E4001B4111FF8B8B001359B0 /* UserEntity.h */,
				E4C6AEC711D5421100068008 /* Line.h */,
				E4C6AF4711D5522900068008 /* Tip.h */,
				E4C6AF4A11D5526800068008 /* Exercise.h */,
				E4C6AF4D11D552BD00068008 /* GoalOwnership.h */,
				E4D8222E11FD14B70014D28A /* ExerciseEntity.h */,
				E4D8223111FD14CB0014D28A /* GoalOwnershipEntity.h */,
				E4D8109511FE36AD0020AE8B /* LineEntity.h */,
				E4D8109711FE36AD0020AE8B /* TipEntity.h */,
				E4A158A311E4E49200A044D7 /* UserSession.h */,
				E4A158B411E4EA6D00A044D7 /* User.h */,
			);
			name = Headers;
			sourceTree = "<group>";
		};
		E440663811EBFFAD00A48898 /* ASIHTTPRequest */ = {
			isa = PBXGroup;
			children = (
				E440665911EC004E00A48898 /* External */,
				E440664011EC001F00A48898 /* ASIAuthenticationDialog.h */,
				E440664111EC001F00A48898 /* ASIAuthenticationDialog.m */,
				E440664211EC002000A48898 /* ASICacheDelegate.h */,
				E440664311EC002000A48898 /* ASIDownloadCache.h */,
				E440664411EC002000A48898 /* ASIDownloadCache.m */,
				E440664511EC002000A48898 /* ASIFormDataRequest.h */,
				E440664611EC002000A48898 /* ASIFormDataRequest.m */,
				E440664711EC002000A48898 /* ASIHTTPRequest.h */,
				E440664811EC002000A48898 /* ASIHTTPRequest.m */,
				E440664911EC002000A48898 /* ASIHTTPRequestConfig.h */,
				E440664A11EC002000A48898 /* ASIHTTPRequestDelegate.h */,
				E440664B11EC002000A48898 /* ASIInputStream.h */,
				E440664C11EC002000A48898 /* ASIInputStream.m */,
				E440664D11EC002000A48898 /* ASINetworkQueue.h */,
				E440664E11EC002000A48898 /* ASINetworkQueue.m */,
				E440664F11EC002000A48898 /* ASIProgressDelegate.h */,
			);
			name = ASIHTTPRequest;
			sourceTree = "<group>";
		};
		E440665911EC004E00A48898 /* External */ = {
			isa = PBXGroup;
			children = (
				E440665A11EC005400A48898 /* Reachability */,
			);
			name = External;
			sourceTree = "<group>";
		};
		E440665A11EC005400A48898 /* Reachability */ = {
			isa = PBXGroup;
			children = (
				E440665C11EC006300A48898 /* Reachability.h */,
				E440665D11EC006300A48898 /* Reachability.m */,
			);
			name = Reachability;
			sourceTree = "<group>";
		};
		E4C6AE5311D5415400068008 /* lib */ = {
			isa = PBXGroup;
			children = (
				E4C6AE5411D5415400068008 /* Core */,
				E4C6AE6211D5415400068008 /* json-framework */,
				E4C6AE6A11D5415400068008 /* Serialization */,
			);
			path = lib;
			sourceTree = "<group>";
		};
		E4C6AE5411D5415400068008 /* Core */ = {
			isa = PBXGroup;
			children = (
				E4C6AE5511D5415400068008 /* CoreSupport.h */,
				E4C6AE5611D5415400068008 /* Inflections */,
				E4C6AE5911D5415400068008 /* NSData+Additions.h */,
				E4C6AE5A11D5415400068008 /* NSData+Additions.m */,
				E4C6AE5B11D5415400068008 /* NSObject+PropertySupport.h */,
				E4C6AE5C11D5415400068008 /* NSObject+PropertySupport.m */,
				E4C6AE5D11D5415400068008 /* NSString+GSub.h */,
				E4C6AE5E11D5415400068008 /* NSString+GSub.m */,
				E4C6AE5F11D5415400068008 /* ObjectiveResourceDateFormatter.h */,
				E4C6AE6011D5415400068008 /* ObjectiveResourceDateFormatter.m */,
				E4C6AE6111D5415400068008 /* ObjectiveSupport.h */,
			);
			path = Core;
			sourceTree = "<group>";
		};
		E4C6AE5611D5415400068008 /* Inflections */ = {
			isa = PBXGroup;
			children = (
				E4C6AE5711D5415400068008 /* NSString+InflectionSupport.h */,
				E4C6AE5811D5415400068008 /* NSString+InflectionSupport.m */,
			);
			path = Inflections;
			sourceTree = "<group>";
		};
		E4C6AE6211D5415400068008 /* json-framework */ = {
			isa = PBXGroup;
			children = (
				E4C6AE6311D5415400068008 /* JSONFramework.h */,
				E4C6AE6411D5415400068008 /* NSObject+SBJSON.h */,
				E4C6AE6511D5415400068008 /* NSObject+SBJSON.m */,
				E4C6AE6611D5415400068008 /* NSString+SBJSON.h */,
				E4C6AE6711D5415400068008 /* NSString+SBJSON.m */,
				E4C6AE6811D5415400068008 /* SBJSON.h */,
				E4C6AE6911D5415400068008 /* SBJSON.m */,
			);
			path = "json-framework";
			sourceTree = "<group>";
		};
		E4C6AE6A11D5415400068008 /* Serialization */ = {
			isa = PBXGroup;
			children = (
				E4C6AE6B11D5415400068008 /* JSON */,
				E4C6AE7411D5415400068008 /* NSDate+Serialize.h */,
				E4C6AE7511D5415400068008 /* NSDate+Serialize.m */,
				E4C6AE7611D5415400068008 /* NSDictionary+KeyTranslation.h */,
				E4C6AE7711D5415400068008 /* NSDictionary+KeyTranslation.m */,
				E4C6AE7811D5415400068008 /* NSObject+Serialize.h */,
				E4C6AE7911D5415400068008 /* NSObject+Serialize.m */,
				E4C6AE7A11D5415400068008 /* NSString+Serialize.h */,
				E4C6AE7B11D5415400068008 /* NSString+Serialize.m */,
				E4C6AE7C11D5415400068008 /* Serialize.h */,
				E4C6AE7D11D5415400068008 /* XML */,
			);
			path = Serialization;
			sourceTree = "<group>";
		};
		E4C6AE6B11D5415400068008 /* JSON */ = {
			isa = PBXGroup;
			children = (
				E4C6AE6C11D5415400068008 /* NSArray+JSONSerializableSupport.h */,
				E4C6AE6D11D5415400068008 /* NSArray+JSONSerializableSupport.m */,
				E4C6AE6E11D5415400068008 /* JSONSerializable.h */,
				E4C6AE6F11D5415400068008 /* JSONSerializableSupport.h */,
				E4C6AE7011D5415400068008 /* NSDictionary+JSONSerializableSupport.h */,
				E4C6AE7111D5415400068008 /* NSDictionary+JSONSerializableSupport.m */,
				E4C6AE7211D5415400068008 /* NSObject+JSONSerializableSupport.h */,
				E4C6AE7311D5415400068008 /* NSObject+JSONSerializableSupport.m */,
			);
			path = JSON;
			sourceTree = "<group>";
		};
		E4C6AE7D11D5415400068008 /* XML */ = {
			isa = PBXGroup;
			children = (
				E4C6AE7E11D5415400068008 /* NSNumber+XMLSerializableSupport.h */,
				E4C6AE7F11D5415400068008 /* NSNumber+XMLSerializableSupport.m */,
				E4C6AE8011D5415400068008 /* FromXMLElementDelegate.h */,
				E4C6AE8111D5415400068008 /* FromXMLElementDelegate.m */,
				E4C6AE8211D5415400068008 /* NSArray+XMLSerializableSupport.h */,
				E4C6AE8311D5415400068008 /* NSArray+XMLSerializableSupport.m */,
				E4C6AE8411D5415400068008 /* NSDate+XMLSerializableSupport.h */,
				E4C6AE8511D5415400068008 /* NSDate+XMLSerializableSupport.m */,
				E4C6AE8611D5415400068008 /* NSDictionary+XMLSerializableSupport.h */,
				E4C6AE8711D5415400068008 /* NSDictionary+XMLSerializableSupport.m */,
				E4C6AE8811D5415400068008 /* NSNull+XMLSerializableSupport.h */,
				E4C6AE8911D5415400068008 /* NSNull+XMLSerializableSupport.m */,
				E4C6AE8A11D5415400068008 /* NSObject+XMLSerializableSupport.h */,
				E4C6AE8B11D5415400068008 /* NSObject+XMLSerializableSupport.m */,
				E4C6AE8C11D5415400068008 /* NSString+XMLSerializableSupport.h */,
				E4C6AE8D11D5415400068008 /* NSString+XMLSerializableSupport.m */,
				E4C6AE8E11D5415400068008 /* XMLSerializable.h */,
				E4C6AE8F11D5415400068008 /* XMLSerializableSupport.h */,
			);
			path = XML;
			sourceTree = "<group>";
		};
		E4C6AE9011D5415400068008 /* ObjectiveResource */ = {
			isa = PBXGroup;
			children = (
				E4C6AE9311D5415400068008 /* Connection */,
				E4C6AE9111D5415400068008 /* NSObject+ObjectiveResource.h */,
				E4C6AEA211D5415400068008 /* ObjectiveResource.h */,
				E4C6AEA311D5415400068008 /* ObjectiveResourceConfig.h */,
				E4C6AEA411D5415400068008 /* ObjectiveResourceConfig.m */,
				E4C6AE9211D5415400068008 /* NSObject+ObjectiveResource.m */,
			);
			name = ObjectiveResource;
			sourceTree = "<group>";
		};
		E4C6AE9311D5415400068008 /* Connection */ = {
			isa = PBXGroup;
			children = (
				E4C6AE9411D5415400068008 /* ConnectionManager.h */,
				E4C6AE9511D5415400068008 /* ConnectionManager.m */,
				E4C6AE9611D5415400068008 /* ConnectionDelegate.h */,
				E4C6AE9711D5415400068008 /* ConnectionDelegate.m */,
				E4C6AE9811D5415400068008 /* NSHTTPURLResponse+Error.h */,
				E4C6AE9911D5415400068008 /* NSHTTPURLResponse+Error.m */,
				E4C6AE9A11D5415400068008 /* ORConnection.h */,
				E4C6AE9B11D5415400068008 /* ORConnection.m */,
				E4C6AE9C11D5415400068008 /* Response.h */,
				E4C6AE9D11D5415400068008 /* Response.m */,
				E4C6AE9E11D5415400068008 /* NSMutableURLRequest+ResponseType.h */,
				E4C6AE9F11D5415400068008 /* NSMutableURLRequest+ResponseType.m */,
				E4C6AEA011D5415400068008 /* NSError+Error.h */,
				E4C6AEA111D5415400068008 /* NSError+Error.m */,
			);
			name = Connection;
			sourceTree = "<group>";
		};
/* End PBXGroup section */

/* Begin PBXNativeTarget section */
		1D6058900D05DD3D006BFB54 /* TalkToHer */ = {
			isa = PBXNativeTarget;
			buildConfigurationList = 1D6058960D05DD3E006BFB54 /* Build configuration list for PBXNativeTarget "TalkToHer" */;
			buildPhases = (
				1D60588D0D05DD3D006BFB54 /* Resources */,
				1D60588E0D05DD3D006BFB54 /* Sources */,
				1D60588F0D05DD3D006BFB54 /* Frameworks */,
			);
			buildRules = (
			);
			dependencies = (
			);
			name = TalkToHer;
			productName = TalkToHer;
			productReference = 1D6058910D05DD3D006BFB54 /* TalkToHer.app */;
			productType = "com.apple.product-type.application";
		};
/* End PBXNativeTarget section */

/* Begin PBXProject section */
		29B97313FDCFA39411CA2CEA /* Project object */ = {
			isa = PBXProject;
			buildConfigurationList = C01FCF4E08A954540054247B /* Build configuration list for PBXProject "TalkToHer" */;
			compatibilityVersion = "Xcode 3.1";
			hasScannedForEncodings = 1;
			knownRegions = (
				English,
				Japanese,
				French,
				German,
				en,
			);
			mainGroup = 29B97314FDCFA39411CA2CEA /* CustomTemplate */;
			projectDirPath = "";
			projectRoot = "";
			targets = (
				1D6058900D05DD3D006BFB54 /* TalkToHer */,
			);
		};
/* End PBXProject section */

/* Begin PBXResourcesBuildPhase section */
		1D60588D0D05DD3D006BFB54 /* Resources */ = {
			isa = PBXResourcesBuildPhase;
			buildActionMask = 2147483647;
			files = (
				E4C6ACD011D514F000068008 /* InspirationController.xib in Resources */,
				E4C6ACD111D514F000068008 /* MainWindow.xib in Resources */,
				E4C6ACD211D514F000068008 /* RootViewController.xib in Resources */,
				E4A154A111DBFF5700A044D7 /* InspectionController.xib in Resources */,
				E4A1573211DF989700A044D7 /* ContributionController.xib in Resources */,
				E4A1589811E4E2A600A044D7 /* IdentificationController.xib in Resources */,
				E419E36211F016E000F400DD /* exercises.png in Resources */,
				E419E36411F016E000F400DD /* lines.png in Resources */,
				E419E36811F0182500F400DD /* goals.png in Resources */,
				E419E36E11F0199500F400DD /* login.png in Resources */,
				E419E37211F01A1F00F400DD /* tips.png in Resources */,
				E419E37D11F0224800F400DD /* more.png in Resources */,
				E419E38111F0236E00F400DD /* write.png in Resources */,
				E409694411F1154E0055459F /* ProgressController.xib in Resources */,
				E4001D1F12006E6B001359B0 /* icon.png in Resources */,
				E4001D2012006E6B001359B0 /* icon@2x.png in Resources */,
				E4001D2412006F25001359B0 /* default.png in Resources */,
				E4C0D7F61201C2A6006AB8AF /* GoalSettingController.xib in Resources */,
				E4C0DB3612031D0A006AB8AF /* InfoController.xib in Resources */,
			);
			runOnlyForDeploymentPostprocessing = 0;
		};
/* End PBXResourcesBuildPhase section */

/* Begin PBXSourcesBuildPhase section */
		1D60588E0D05DD3D006BFB54 /* Sources */ = {
			isa = PBXSourcesBuildPhase;
			buildActionMask = 2147483647;
			files = (
				1D60589B0D05DD56006BFB54 /* main.m in Sources */,
				1D3623260D0F684500981E51 /* TalkToHerAppDelegate.m in Sources */,
				28C286E10D94DF7D0034E888 /* RootViewController.m in Sources */,
				E439369811D50DD300D6DED9 /* InspirationController.m in Sources */,
				E4C6AEA511D5415400068008 /* NSString+InflectionSupport.m in Sources */,
				E4C6AEA611D5415400068008 /* NSData+Additions.m in Sources */,
				E4C6AEA711D5415400068008 /* NSObject+PropertySupport.m in Sources */,
				E4C6AEA811D5415400068008 /* NSString+GSub.m in Sources */,
				E4C6AEA911D5415400068008 /* ObjectiveResourceDateFormatter.m in Sources */,
				E4C6AEAA11D5415400068008 /* NSObject+SBJSON.m in Sources */,
				E4C6AEAB11D5415400068008 /* NSString+SBJSON.m in Sources */,
				E4C6AEAC11D5415400068008 /* SBJSON.m in Sources */,
				E4C6AEAD11D5415400068008 /* NSArray+JSONSerializableSupport.m in Sources */,
				E4C6AEAE11D5415400068008 /* NSDictionary+JSONSerializableSupport.m in Sources */,
				E4C6AEAF11D5415400068008 /* NSObject+JSONSerializableSupport.m in Sources */,
				E4C6AEB011D5415400068008 /* NSDate+Serialize.m in Sources */,
				E4C6AEB111D5415400068008 /* NSDictionary+KeyTranslation.m in Sources */,
				E4C6AEB211D5415400068008 /* NSObject+Serialize.m in Sources */,
				E4C6AEB311D5415400068008 /* NSString+Serialize.m in Sources */,
				E4C6AEB411D5415400068008 /* NSNumber+XMLSerializableSupport.m in Sources */,
				E4C6AEB511D5415400068008 /* FromXMLElementDelegate.m in Sources */,
				E4C6AEB611D5415400068008 /* NSArray+XMLSerializableSupport.m in Sources */,
				E4C6AEB711D5415400068008 /* NSDate+XMLSerializableSupport.m in Sources */,
				E4C6AEB811D5415400068008 /* NSDictionary+XMLSerializableSupport.m in Sources */,
				E4C6AEB911D5415400068008 /* NSNull+XMLSerializableSupport.m in Sources */,
				E4C6AEBA11D5415400068008 /* NSObject+XMLSerializableSupport.m in Sources */,
				E4C6AEBB11D5415400068008 /* NSString+XMLSerializableSupport.m in Sources */,
				E4C6AEBC11D5415400068008 /* NSObject+ObjectiveResource.m in Sources */,
				E4C6AEBD11D5415400068008 /* ConnectionManager.m in Sources */,
				E4C6AEBE11D5415400068008 /* ConnectionDelegate.m in Sources */,
				E4C6AEBF11D5415400068008 /* NSHTTPURLResponse+Error.m in Sources */,
				E4C6AEC011D5415400068008 /* ORConnection.m in Sources */,
				E4C6AEC111D5415400068008 /* Response.m in Sources */,
				E4C6AEC211D5415400068008 /* NSMutableURLRequest+ResponseType.m in Sources */,
				E4C6AEC311D5415400068008 /* NSError+Error.m in Sources */,
				E4C6AEC411D5415400068008 /* ObjectiveResourceConfig.m in Sources */,
				E4C6AEC911D5421100068008 /* Line.m in Sources */,
				E4C6AF4911D5522900068008 /* Tip.m in Sources */,
				E4C6AF4C11D5526800068008 /* Exercise.m in Sources */,
				E4C6AF4F11D552BD00068008 /* GoalOwnership.m in Sources */,
				E4E0B2D711D7BF9300C0D0A2 /* DataDelegate.m in Sources */,
				E40D0DF111D9361B004CC712 /* InspirationCell.m in Sources */,
				E4A154A011DBFF5700A044D7 /* InspectionController.m in Sources */,
				E4A1573111DF989700A044D7 /* ContributionController.m in Sources */,
				E4A1589711E4E2A600A044D7 /* IdentificationController.m in Sources */,
				E4A158A511E4E49200A044D7 /* UserSession.m in Sources */,
				E4A158B611E4EA6D00A044D7 /* User.m in Sources */,
				E44065C111EBB9F700A48898 /* LoaderCell.m in Sources */,
				E440665011EC002000A48898 /* ASIAuthenticationDialog.m in Sources */,
				E440665111EC002000A48898 /* ASIDownloadCache.m in Sources */,
				E440665211EC002000A48898 /* ASIFormDataRequest.m in Sources */,
				E440665311EC002000A48898 /* ASIHTTPRequest.m in Sources */,
				E440665411EC002000A48898 /* ASIInputStream.m in Sources */,
				E440665511EC002000A48898 /* ASINetworkQueue.m in Sources */,
				E440665E11EC006300A48898 /* Reachability.m in Sources */,
				E44066D011ECF7BF00A48898 /* Content.xcdatamodel in Sources */,
				E409694311F1154E0055459F /* ProgressController.m in Sources */,
				E4D8223011FD14B70014D28A /* ExerciseEntity.m in Sources */,
				E4D8223311FD14CB0014D28A /* GoalOwnershipEntity.m in Sources */,
				E4D8109911FE36AD0020AE8B /* LineEntity.m in Sources */,
				E4D8109A11FE36AD0020AE8B /* TipEntity.m in Sources */,
				E40017F811FE4251001359B0 /* ContentDelegate.m in Sources */,
				E4001B4311FF8B8B001359B0 /* UserEntity.m in Sources */,
				E4C0D7F51201C2A6006AB8AF /* GoalSettingController.m in Sources */,
				E4C0D80D1201C628006AB8AF /* Goal.m in Sources */,
				E4C0DB3512031D0A006AB8AF /* InfoController.m in Sources */,
			);
			runOnlyForDeploymentPostprocessing = 0;
		};
/* End PBXSourcesBuildPhase section */

/* Begin XCBuildConfiguration section */
		1D6058940D05DD3E006BFB54 /* Debug */ = {
			isa = XCBuildConfiguration;
			buildSettings = {
				ALWAYS_SEARCH_USER_PATHS = NO;
				COPY_PHASE_STRIP = NO;
				GCC_DYNAMIC_NO_PIC = NO;
				GCC_OPTIMIZATION_LEVEL = 0;
				GCC_PRECOMPILE_PREFIX_HEADER = YES;
				GCC_PREFIX_HEADER = TalkToHer_Prefix.pch;
				INFOPLIST_FILE = "TalkToHer-Info.plist";
				PRODUCT_NAME = TalkToHer;
			};
			name = Debug;
		};
		1D6058950D05DD3E006BFB54 /* Release */ = {
			isa = XCBuildConfiguration;
			buildSettings = {
				ALWAYS_SEARCH_USER_PATHS = NO;
				COPY_PHASE_STRIP = YES;
				GCC_PRECOMPILE_PREFIX_HEADER = YES;
				GCC_PREFIX_HEADER = TalkToHer_Prefix.pch;
				INFOPLIST_FILE = "TalkToHer-Info.plist";
				PRODUCT_NAME = TalkToHer;
				VALIDATE_PRODUCT = YES;
			};
			name = Release;
		};
		C01FCF4F08A954540054247B /* Debug */ = {
			isa = XCBuildConfiguration;
			buildSettings = {
				ARCHS = "$(ARCHS_STANDARD_32_BIT)";
				"CODE_SIGN_IDENTITY[sdk=iphoneos*]" = "iPhone Developer";
				GCC_C_LANGUAGE_STANDARD = c99;
				GCC_WARN_ABOUT_RETURN_TYPE = YES;
				GCC_WARN_UNUSED_VARIABLE = YES;
				PREBINDING = NO;
				SDKROOT = iphoneos4.0;
			};
			name = Debug;
		};
		C01FCF5008A954540054247B /* Release */ = {
			isa = XCBuildConfiguration;
			buildSettings = {
				ARCHS = "$(ARCHS_STANDARD_32_BIT)";
				"CODE_SIGN_IDENTITY[sdk=iphoneos*]" = "iPhone Developer";
				GCC_C_LANGUAGE_STANDARD = c99;
				GCC_WARN_ABOUT_RETURN_TYPE = YES;
				GCC_WARN_UNUSED_VARIABLE = YES;
				OTHER_CFLAGS = "-DNS_BLOCK_ASSERTIONS=1";
				PREBINDING = NO;
				SDKROOT = iphoneos4.0;
			};
			name = Release;
		};
/* End XCBuildConfiguration section */

/* Begin XCConfigurationList section */
		1D6058960D05DD3E006BFB54 /* Build configuration list for PBXNativeTarget "TalkToHer" */ = {
			isa = XCConfigurationList;
			buildConfigurations = (
				1D6058940D05DD3E006BFB54 /* Debug */,
				1D6058950D05DD3E006BFB54 /* Release */,
			);
			defaultConfigurationIsVisible = 0;
			defaultConfigurationName = Release;
		};
		C01FCF4E08A954540054247B /* Build configuration list for PBXProject "TalkToHer" */ = {
			isa = XCConfigurationList;
			buildConfigurations = (
				C01FCF4F08A954540054247B /* Debug */,
				C01FCF5008A954540054247B /* Release */,
			);
			defaultConfigurationIsVisible = 0;
			defaultConfigurationName = Release;
		};
/* End XCConfigurationList section */
	};
	rootObject = 29B97313FDCFA39411CA2CEA /* Project object */;
}
